// !$*UTF8*$!
{
	archiveVersion = 1;
	classes = {
	};
	objectVersion = 46;
	objects = {

/* Begin PBXBuildFile section */
		954928CE19E7983100B616F8 /* AppDelegate.swift in Sources */ = {isa = PBXBuildFile; fileRef = 954928CD19E7983100B616F8 /* AppDelegate.swift */; };
		954928D119E7983100B616F8 /* SocketConnector.xcdatamodeld in Sources */ = {isa = PBXBuildFile; fileRef = 954928CF19E7983100B616F8 /* SocketConnector.xcdatamodeld */; };
		954928D319E7983100B616F8 /* ViewController.swift in Sources */ = {isa = PBXBuildFile; fileRef = 954928D219E7983100B616F8 /* ViewController.swift */; };
		954928D619E7983100B616F8 /* Main.storyboard in Resources */ = {isa = PBXBuildFile; fileRef = 954928D419E7983100B616F8 /* Main.storyboard */; };
		954928D819E7983100B616F8 /* Images.xcassets in Resources */ = {isa = PBXBuildFile; fileRef = 954928D719E7983100B616F8 /* Images.xcassets */; };
		954928DB19E7983100B616F8 /* LaunchScreen.xib in Resources */ = {isa = PBXBuildFile; fileRef = 954928D919E7983100B616F8 /* LaunchScreen.xib */; };
		954928E719E7983200B616F8 /* SocketConnectorTests.swift in Sources */ = {isa = PBXBuildFile; fileRef = 954928E619E7983200B616F8 /* SocketConnectorTests.swift */; };
		954928F119E7984400B616F8 /* SocketConnector.swift in Sources */ = {isa = PBXBuildFile; fileRef = 954928F019E7984400B616F8 /* SocketConnector.swift */; };
		954928F419E798DE00B616F8 /* .gitignore in Resources */ = {isa = PBXBuildFile; fileRef = 954928F219E798DE00B616F8 /* .gitignore */; };
		954928F519E798DE00B616F8 /* TemplateIcon2x.png in Resources */ = {isa = PBXBuildFile; fileRef = 954928F319E798DE00B616F8 /* TemplateIcon2x.png */; };
		954928F719E7991A00B616F8 /* LICENSE in Resources */ = {isa = PBXBuildFile; fileRef = 954928F619E7991A00B616F8 /* LICENSE */; };
		954928F919E7993900B616F8 /* README.md in Sources */ = {isa = PBXBuildFile; fileRef = 954928F819E7993900B616F8 /* README.md */; };
/* End PBXBuildFile section */

/* Begin PBXContainerItemProxy section */
		954928E119E7983200B616F8 /* PBXContainerItemProxy */ = {
			isa = PBXContainerItemProxy;
			containerPortal = 954928C019E7983100B616F8 /* Project object */;
			proxyType = 1;
			remoteGlobalIDString = 954928C719E7983100B616F8;
			remoteInfo = SocketConnector;
		};
/* End PBXContainerItemProxy section */

/* Begin PBXFileReference section */
		954928C819E7983100B616F8 /* SocketConnector.app */ = {isa = PBXFileReference; explicitFileType = wrapper.application; includeInIndex = 0; path = SocketConnector.app; sourceTree = BUILT_PRODUCTS_DIR; };
		954928CC19E7983100B616F8 /* Info.plist */ = {isa = PBXFileReference; lastKnownFileType = text.plist.xml; path = Info.plist; sourceTree = "<group>"; };
		954928CD19E7983100B616F8 /* AppDelegate.swift */ = {isa = PBXFileReference; lastKnownFileType = sourcecode.swift; path = AppDelegate.swift; sourceTree = "<group>"; };
		954928D019E7983100B616F8 /* SocketConnector.xcdatamodel */ = {isa = PBXFileReference; lastKnownFileType = wrapper.xcdatamodel; path = SocketConnector.xcdatamodel; sourceTree = "<group>"; };
		954928D219E7983100B616F8 /* ViewController.swift */ = {isa = PBXFileReference; lastKnownFileType = sourcecode.swift; path = ViewController.swift; sourceTree = "<group>"; };
		954928D519E7983100B616F8 /* Base */ = {isa = PBXFileReference; lastKnownFileType = file.storyboard; name = Base; path = Base.lproj/Main.storyboard; sourceTree = "<group>"; };
		954928D719E7983100B616F8 /* Images.xcassets */ = {isa = PBXFileReference; lastKnownFileType = folder.assetcatalog; path = Images.xcassets; sourceTree = "<group>"; };
		954928DA19E7983100B616F8 /* Base */ = {isa = PBXFileReference; lastKnownFileType = file.xib; name = Base; path = Base.lproj/LaunchScreen.xib; sourceTree = "<group>"; };
		954928E019E7983200B616F8 /* SocketConnectorTests.xctest */ = {isa = PBXFileReference; explicitFileType = wrapper.cfbundle; includeInIndex = 0; path = SocketConnectorTests.xctest; sourceTree = BUILT_PRODUCTS_DIR; };
		954928E519E7983200B616F8 /* Info.plist */ = {isa = PBXFileReference; lastKnownFileType = text.plist.xml; path = Info.plist; sourceTree = "<group>"; };
		954928E619E7983200B616F8 /* SocketConnectorTests.swift */ = {isa = PBXFileReference; lastKnownFileType = sourcecode.swift; path = SocketConnectorTests.swift; sourceTree = "<group>"; };
		954928F019E7984400B616F8 /* SocketConnector.swift */ = {isa = PBXFileReference; fileEncoding = 4; lastKnownFileType = sourcecode.swift; path = SocketConnector.swift; sourceTree = "<group>"; };
		954928F219E798DE00B616F8 /* .gitignore */ = {isa = PBXFileReference; fileEncoding = 4; lastKnownFileType = text; path = .gitignore; sourceTree = "<group>"; };
		954928F319E798DE00B616F8 /* TemplateIcon2x.png */ = {isa = PBXFileReference; lastKnownFileType = image.png; path = TemplateIcon2x.png; sourceTree = "<group>"; };
		954928F619E7991A00B616F8 /* LICENSE */ = {isa = PBXFileReference; fileEncoding = 4; lastKnownFileType = text; path = LICENSE; sourceTree = "<group>"; };
		954928F819E7993900B616F8 /* README.md */ = {isa = PBXFileReference; fileEncoding = 4; lastKnownFileType = net.daringfireball.markdown; path = README.md; sourceTree = "<group>"; };
/* End PBXFileReference section */

/* Begin PBXFrameworksBuildPhase section */
		954928C519E7983100B616F8 /* Frameworks */ = {
			isa = PBXFrameworksBuildPhase;
			buildActionMask = 2147483647;
			files = (
			);
			runOnlyForDeploymentPostprocessing = 0;
		};
		954928DD19E7983200B616F8 /* Frameworks */ = {
			isa = PBXFrameworksBuildPhase;
			buildActionMask = 2147483647;
			files = (
			);
			runOnlyForDeploymentPostprocessing = 0;
		};
/* End PBXFrameworksBuildPhase section */

/* Begin PBXGroup section */
		954928BF19E7983100B616F8 = {
			isa = PBXGroup;
			children = (
				954928CA19E7983100B616F8 /* SocketConnector */,
				954928E319E7983200B616F8 /* SocketConnectorTests */,
				954928C919E7983100B616F8 /* Products */,
				954928F819E7993900B616F8 /* README.md */,
				954928F619E7991A00B616F8 /* LICENSE */,
				954928F219E798DE00B616F8 /* .gitignore */,
				954928F319E798DE00B616F8 /* TemplateIcon2x.png */,
			);
			sourceTree = "<group>";
		};
		954928C919E7983100B616F8 /* Products */ = {
			isa = PBXGroup;
			children = (
				954928C819E7983100B616F8 /* SocketConnector.app */,
				954928E019E7983200B616F8 /* SocketConnectorTests.xctest */,
			);
			name = Products;
			sourceTree = "<group>";
		};
		954928CA19E7983100B616F8 /* SocketConnector */ = {
			isa = PBXGroup;
			children = (
				954928CD19E7983100B616F8 /* AppDelegate.swift */,
				954928D219E7983100B616F8 /* ViewController.swift */,
				954928F019E7984400B616F8 /* SocketConnector.swift */,
				954928D419E7983100B616F8 /* Main.storyboard */,
				954928D719E7983100B616F8 /* Images.xcassets */,
				954928D919E7983100B616F8 /* LaunchScreen.xib */,
				954928CF19E7983100B616F8 /* SocketConnector.xcdatamodeld */,
				954928CB19E7983100B616F8 /* Supporting Files */,
			);
			path = SocketConnector;
			sourceTree = "<group>";
		};
		954928CB19E7983100B616F8 /* Supporting Files */ = {
			isa = PBXGroup;
			children = (
				954928CC19E7983100B616F8 /* Info.plist */,
			);
			name = "Supporting Files";
			sourceTree = "<group>";
		};
		954928E319E7983200B616F8 /* SocketConnectorTests */ = {
			isa = PBXGroup;
			children = (
				954928E619E7983200B616F8 /* SocketConnectorTests.swift */,
				954928E419E7983200B616F8 /* Supporting Files */,
			);
			path = SocketConnectorTests;
			sourceTree = "<group>";
		};
		954928E419E7983200B616F8 /* Supporting Files */ = {
			isa = PBXGroup;
			children = (
				954928E519E7983200B616F8 /* Info.plist */,
			);
			name = "Supporting Files";
			sourceTree = "<group>";
		};
/* End PBXGroup section */

/* Begin PBXNativeTarget section */
		954928C719E7983100B616F8 /* SocketConnector */ = {
			isa = PBXNativeTarget;
			buildConfigurationList = 954928EA19E7983200B616F8 /* Build configuration list for PBXNativeTarget "SocketConnector" */;
			buildPhases = (
				954928C419E7983100B616F8 /* Sources */,
				954928C519E7983100B616F8 /* Frameworks */,
				954928C619E7983100B616F8 /* Resources */,
			);
			buildRules = (
			);
			dependencies = (
			);
			name = SocketConnector;
			productName = SocketConnector;
			productReference = 954928C819E7983100B616F8 /* SocketConnector.app */;
			productType = "com.apple.product-type.application";
		};
		954928DF19E7983200B616F8 /* SocketConnectorTests */ = {
			isa = PBXNativeTarget;
			buildConfigurationList = 954928ED19E7983200B616F8 /* Build configuration list for PBXNativeTarget "SocketConnectorTests" */;
			buildPhases = (
				954928DC19E7983200B616F8 /* Sources */,
				954928DD19E7983200B616F8 /* Frameworks */,
				954928DE19E7983200B616F8 /* Resources */,
			);
			buildRules = (
			);
			dependencies = (
				954928E219E7983200B616F8 /* PBXTargetDependency */,
			);
			name = SocketConnectorTests;
			productName = SocketConnectorTests;
			productReference = 954928E019E7983200B616F8 /* SocketConnectorTests.xctest */;
			productType = "com.apple.product-type.bundle.unit-test";
		};
/* End PBXNativeTarget section */

/* Begin PBXProject section */
		954928C019E7983100B616F8 /* Project object */ = {
			isa = PBXProject;
			attributes = {
				LastUpgradeCheck = 0600;
				ORGANIZATIONNAME = self;
				TargetAttributes = {
					954928C719E7983100B616F8 = {
						CreatedOnToolsVersion = 6.0.1;
					};
					954928DF19E7983200B616F8 = {
						CreatedOnToolsVersion = 6.0.1;
						TestTargetID = 954928C719E7983100B616F8;
					};
				};
			};
			buildConfigurationList = 954928C319E7983100B616F8 /* Build configuration list for PBXProject "SocketConnector" */;
			compatibilityVersion = "Xcode 3.2";
			developmentRegion = English;
			hasScannedForEncodings = 0;
			knownRegions = (
				en,
				Base,
			);
			mainGroup = 954928BF19E7983100B616F8;
			productRefGroup = 954928C919E7983100B616F8 /* Products */;
			projectDirPath = "";
			projectRoot = "";
			targets = (
				954928C719E7983100B616F8 /* SocketConnector */,
				954928DF19E7983200B616F8 /* SocketConnectorTests */,
			);
		};
/* End PBXProject section */

/* Begin PBXResourcesBuildPhase section */
		954928C619E7983100B616F8 /* Resources */ = {
			isa = PBXResourcesBuildPhase;
			buildActionMask = 2147483647;
			files = (
				954928F719E7991A00B616F8 /* LICENSE in Resources */,
				954928F519E798DE00B616F8 /* TemplateIcon2x.png in Resources */,
				954928F419E798DE00B616F8 /* .gitignore in Resources */,
				954928D619E7983100B616F8 /* Main.storyboard in Resources */,
				954928DB19E7983100B616F8 /* LaunchScreen.xib in Resources */,
				954928D819E7983100B616F8 /* Images.xcassets in Resources */,
			);
			runOnlyForDeploymentPostprocessing = 0;
		};
		954928DE19E7983200B616F8 /* Resources */ = {
			isa = PBXResourcesBuildPhase;
			buildActionMask = 2147483647;
			files = (
			);
			runOnlyForDeploymentPostprocessing = 0;
		};
/* End PBXResourcesBuildPhase section */

/* Begin PBXSourcesBuildPhase section */
		954928C419E7983100B616F8 /* Sources */ = {
			isa = PBXSourcesBuildPhase;
			buildActionMask = 2147483647;
			files = (
				954928F119E7984400B616F8 /* SocketConnector.swift in Sources */,
				954928D319E7983100B616F8 /* ViewController.swift in Sources */,
				954928F919E7993900B616F8 /* README.md in Sources */,
				954928D119E7983100B616F8 /* SocketConnector.xcdatamodeld in Sources */,
				954928CE19E7983100B616F8 /* AppDelegate.swift in Sources */,
			);
			runOnlyForDeploymentPostprocessing = 0;
		};
		954928DC19E7983200B616F8 /* Sources */ = {
			isa = PBXSourcesBuildPhase;
			buildActionMask = 2147483647;
			files = (
				954928E719E7983200B616F8 /* SocketConnectorTests.swift in Sources */,
			);
			runOnlyForDeploymentPostprocessing = 0;
		};
/* End PBXSourcesBuildPhase section */

/* Begin PBXTargetDependency section */
		954928E219E7983200B616F8 /* PBXTargetDependency */ = {
			isa = PBXTargetDependency;
			target = 954928C719E7983100B616F8 /* SocketConnector */;
			targetProxy = 954928E119E7983200B616F8 /* PBXContainerItemProxy */;
		};
/* End PBXTargetDependency section */

/* Begin PBXVariantGroup section */
		954928D419E7983100B616F8 /* Main.storyboard */ = {
			isa = PBXVariantGroup;
			children = (
				954928D519E7983100B616F8 /* Base */,
			);
			name = Main.storyboard;
			sourceTree = "<group>";
		};
		954928D919E7983100B616F8 /* LaunchScreen.xib */ = {
			isa = PBXVariantGroup;
			children = (
				954928DA19E7983100B616F8 /* Base */,
			);
			name = LaunchScreen.xib;
			sourceTree = "<group>";
		};
/* End PBXVariantGroup section */

/* Begin XCBuildConfiguration section */
		954928E819E7983200B616F8 /* Debug */ = {
			isa = XCBuildConfiguration;
			buildSettings = {
				ALWAYS_SEARCH_USER_PATHS = NO;
				CLANG_CXX_LANGUAGE_STANDARD = "gnu++0x";
				CLANG_CXX_LIBRARY = "libc++";
				CLANG_ENABLE_MODULES = YES;
				CLANG_ENABLE_OBJC_ARC = YES;
				CLANG_WARN_BOOL_CONVERSION = YES;
				CLANG_WARN_CONSTANT_CONVERSION = YES;
				CLANG_WARN_DIRECT_OBJC_ISA_USAGE = YES_ERROR;
				CLANG_WARN_EMPTY_BODY = YES;
				CLANG_WARN_ENUM_CONVERSION = YES;
				CLANG_WARN_INT_CONVERSION = YES;
				CLANG_WARN_OBJC_ROOT_CLASS = YES_ERROR;
				CLANG_WARN_UNREACHABLE_CODE = YES;
				CLANG_WARN__DUPLICATE_METHOD_MATCH = YES;
				"CODE_SIGN_IDENTITY[sdk=iphoneos*]" = "iPhone Developer";
				COPY_PHASE_STRIP = NO;
				ENABLE_STRICT_OBJC_MSGSEND = YES;
				GCC_C_LANGUAGE_STANDARD = gnu99;
				GCC_DYNAMIC_NO_PIC = NO;
				GCC_OPTIMIZATION_LEVEL = 0;
				GCC_PREPROCESSOR_DEFINITIONS = (
					"DEBUG=1",
					"$(inherited)",
				);
				GCC_SYMBOLS_PRIVATE_EXTERN = NO;
				GCC_WARN_64_TO_32_BIT_CONVERSION = YES;
				GCC_WARN_ABOUT_RETURN_TYPE = YES_ERROR;
				GCC_WARN_UNDECLARED_SELECTOR = YES;
				GCC_WARN_UNINITIALIZED_AUTOS = YES_AGGRESSIVE;
				GCC_WARN_UNUSED_FUNCTION = YES;
				GCC_WARN_UNUSED_VARIABLE = YES;
				IPHONEOS_DEPLOYMENT_TARGET = 8.0;
				MTL_ENABLE_DEBUG_INFO = YES;
				ONLY_ACTIVE_ARCH = YES;
				SDKROOT = iphoneos;
				SWIFT_OPTIMIZATION_LEVEL = "-Onone";
				TARGETED_DEVICE_FAMILY = "1,2";
			};
			name = Debug;
		};
		954928E919E7983200B616F8 /* Release */ = {
			isa = XCBuildConfiguration;
			buildSettings = {
				ALWAYS_SEARCH_USER_PATHS = NO;
				CLANG_CXX_LANGUAGE_STANDARD = "gnu++0x";
				CLANG_CXX_LIBRARY = "libc++";
				CLANG_ENABLE_MODULES = YES;
				CLANG_ENABLE_OBJC_ARC = YES;
				CLANG_WARN_BOOL_CONVERSION = YES;
				CLANG_WARN_CONSTANT_CONVERSION = YES;
				CLANG_WARN_DIRECT_OBJC_ISA_USAGE = YES_ERROR;
				CLANG_WARN_EMPTY_BODY = YES;
				CLANG_WARN_ENUM_CONVERSION = YES;
				CLANG_WARN_INT_CONVERSION = YES;
				CLANG_WARN_OBJC_ROOT_CLASS = YES_ERROR;
				CLANG_WARN_UNREACHABLE_CODE = YES;
				CLANG_WARN__DUPLICATE_METHOD_MATCH = YES;
				"CODE_SIGN_IDENTITY[sdk=iphoneos*]" = "iPhone Developer";
				COPY_PHASE_STRIP = YES;
				ENABLE_NS_ASSERTIONS = NO;
				ENABLE_STRICT_OBJC_MSGSEND = YES;
				GCC_C_LANGUAGE_STANDARD = gnu99;
				GCC_WARN_64_TO_32_BIT_CONVERSION = YES;
				GCC_WARN_ABOUT_RETURN_TYPE = YES_ERROR;
				GCC_WARN_UNDECLARED_SELECTOR = YES;
				GCC_WARN_UNINITIALIZED_AUTOS = YES_AGGRESSIVE;
				GCC_WARN_UNUSED_FUNCTION = YES;
				GCC_WARN_UNUSED_VARIABLE = YES;
				IPHONEOS_DEPLOYMENT_TARGET = 8.0;
				MTL_ENABLE_DEBUG_INFO = NO;
				SDKROOT = iphoneos;
				TARGETED_DEVICE_FAMILY = "1,2";
				VALIDATE_PRODUCT = YES;
			};
			name = Release;
		};
		954928EB19E7983200B616F8 /* Debug */ = {
			isa = XCBuildConfiguration;
			buildSettings = {
				ASSETCATALOG_COMPILER_APPICON_NAME = AppIcon;
				INFOPLIST_FILE = SocketConnector/Info.plist;
				LD_RUNPATH_SEARCH_PATHS = "$(inherited) @executable_path/Frameworks";
				PRODUCT_NAME = "$(TARGET_NAME)";
			};
			name = Debug;
		};
		954928EC19E7983200B616F8 /* Release */ = {
			isa = XCBuildConfiguration;
			buildSettings = {
				ASSETCATALOG_COMPILER_APPICON_NAME = AppIcon;
				INFOPLIST_FILE = SocketConnector/Info.plist;
				LD_RUNPATH_SEARCH_PATHS = "$(inherited) @executable_path/Frameworks";
				PRODUCT_NAME = "$(TARGET_NAME)";
			};
			name = Release;
		};
		954928EE19E7983200B616F8 /* Debug */ = {
			isa = XCBuildConfiguration;
			buildSettings = {
				BUNDLE_LOADER = "$(TEST_HOST)";
				FRAMEWORK_SEARCH_PATHS = (
					"$(SDKROOT)/Developer/Library/Frameworks",
					"$(inherited)",
				);
				GCC_PREPROCESSOR_DEFINITIONS = (
					"DEBUG=1",
					"$(inherited)",
				);
				INFOPLIST_FILE = SocketConnectorTests/Info.plist;
				LD_RUNPATH_SEARCH_PATHS = "$(inherited) @executable_path/Frameworks @loader_path/Frameworks";
				PRODUCT_NAME = "$(TARGET_NAME)";
				TEST_HOST = "$(BUILT_PRODUCTS_DIR)/SocketConnector.app/SocketConnector";
			};
			name = Debug;
		};
		954928EF19E7983200B616F8 /* Release */ = {
			isa = XCBuildConfiguration;
			buildSettings = {
				BUNDLE_LOADER = "$(TEST_HOST)";
				FRAMEWORK_SEARCH_PATHS = (
					"$(SDKROOT)/Developer/Library/Frameworks",
					"$(inherited)",
				);
				INFOPLIST_FILE = SocketConnectorTests/Info.plist;
				LD_RUNPATH_SEARCH_PATHS = "$(inherited) @executable_path/Frameworks @loader_path/Frameworks";
				PRODUCT_NAME = "$(TARGET_NAME)";
				TEST_HOST = "$(BUILT_PRODUCTS_DIR)/SocketConnector.app/SocketConnector";
			};
			name = Release;
		};
/* End XCBuildConfiguration section */

/* Begin XCConfigurationList section */
		954928C319E7983100B616F8 /* Build configuration list for PBXProject "SocketConnector" */ = {
			isa = XCConfigurationList;
			buildConfigurations = (
				954928E819E7983200B616F8 /* Debug */,
				954928E919E7983200B616F8 /* Release */,
			);
			defaultConfigurationIsVisible = 0;
			defaultConfigurationName = Release;
		};
		954928EA19E7983200B616F8 /* Build configuration list for PBXNativeTarget "SocketConnector" */ = {
			isa = XCConfigurationList;
			buildConfigurations = (
				954928EB19E7983200B616F8 /* Debug */,
				954928EC19E7983200B616F8 /* Release */,
			);
			defaultConfigurationIsVisible = 0;
		};
		954928ED19E7983200B616F8 /* Build configuration list for PBXNativeTarget "SocketConnectorTests" */ = {
			isa = XCConfigurationList;
			buildConfigurations = (
				954928EE19E7983200B616F8 /* Debug */,
				954928EF19E7983200B616F8 /* Release */,
			);
			defaultConfigurationIsVisible = 0;
		};
/* End XCConfigurationList section */

/* Begin XCVersionGroup section */
		954928CF19E7983100B616F8 /* SocketConnector.xcdatamodeld */ = {
			isa = XCVersionGroup;
			children = (
				954928D019E7983100B616F8 /* SocketConnector.xcdatamodel */,
			);
			currentVersion = 954928D019E7983100B616F8 /* SocketConnector.xcdatamodel */;
			path = SocketConnector.xcdatamodeld;
			sourceTree = "<group>";
			versionGroupType = wrapper.xcdatamodel;
		};
/* End XCVersionGroup section */
	};
	rootObject = 954928C019E7983100B616F8 /* Project object */;
}
